// !$*UTF8*$!
{
	archiveVersion = 1;
	classes = {
	};
	objectVersion = 46;
	objects = {

/* Begin PBXBuildFile section */
		3AB4AFE772D6900AEEA6344A /* Pods_MovieViewer.framework in Frameworks */ = {isa = PBXBuildFile; fileRef = F9B944AAF8C6EDDCCE641DB5 /* Pods_MovieViewer.framework */; };
		B24700691C682F490055CB4F /* MovieCollectionViewCell.swift in Sources */ = {isa = PBXBuildFile; fileRef = B24700681C682F490055CB4F /* MovieCollectionViewCell.swift */; };
		B26B9AFB1C62977F00E231D8 /* AppDelegate.swift in Sources */ = {isa = PBXBuildFile; fileRef = B26B9AFA1C62977F00E231D8 /* AppDelegate.swift */; };
		B26B9B001C62977F00E231D8 /* Main.storyboard in Resources */ = {isa = PBXBuildFile; fileRef = B26B9AFE1C62977F00E231D8 /* Main.storyboard */; };
		B26B9B021C62977F00E231D8 /* Assets.xcassets in Resources */ = {isa = PBXBuildFile; fileRef = B26B9B011C62977F00E231D8 /* Assets.xcassets */; };
		B26B9B051C62977F00E231D8 /* LaunchScreen.storyboard in Resources */ = {isa = PBXBuildFile; fileRef = B26B9B031C62977F00E231D8 /* LaunchScreen.storyboard */; };
		B26B9B0F1C6298C100E231D8 /* MoviesViewController.swift in Sources */ = {isa = PBXBuildFile; fileRef = B26B9B0E1C6298C100E231D8 /* MoviesViewController.swift */; };
		B26B9B151C62CFD500E231D8 /* MovieCell.swift in Sources */ = {isa = PBXBuildFile; fileRef = B26B9B141C62CFD500E231D8 /* MovieCell.swift */; };
		B26B9B171C62DD1600E231D8 /* MovieDetailsViewController.swift in Sources */ = {isa = PBXBuildFile; fileRef = B26B9B161C62DD1600E231D8 /* MovieDetailsViewController.swift */; };
		B2835CEF1C646BDA0057DE45 /* MovieModel.swift in Sources */ = {isa = PBXBuildFile; fileRef = B2835CEE1C646BDA0057DE45 /* MovieModel.swift */; };
/* End PBXBuildFile section */

/* Begin PBXFileReference section */
		6C00476282BF966A4E819005 /* Pods-MovieViewer.debug.xcconfig */ = {isa = PBXFileReference; includeInIndex = 1; lastKnownFileType = text.xcconfig; name = "Pods-MovieViewer.debug.xcconfig"; path = "Pods/Target Support Files/Pods-MovieViewer/Pods-MovieViewer.debug.xcconfig"; sourceTree = "<group>"; };
		B24700681C682F490055CB4F /* MovieCollectionViewCell.swift */ = {isa = PBXFileReference; fileEncoding = 4; lastKnownFileType = sourcecode.swift; path = MovieCollectionViewCell.swift; sourceTree = "<group>"; };
		B26B9AF71C62977F00E231D8 /* MovieViewer.app */ = {isa = PBXFileReference; explicitFileType = wrapper.application; includeInIndex = 0; path = MovieViewer.app; sourceTree = BUILT_PRODUCTS_DIR; };
		B26B9AFA1C62977F00E231D8 /* AppDelegate.swift */ = {isa = PBXFileReference; lastKnownFileType = sourcecode.swift; path = AppDelegate.swift; sourceTree = "<group>"; };
		B26B9AFF1C62977F00E231D8 /* Base */ = {isa = PBXFileReference; lastKnownFileType = file.storyboard; name = Base; path = Base.lproj/Main.storyboard; sourceTree = "<group>"; };
		B26B9B011C62977F00E231D8 /* Assets.xcassets */ = {isa = PBXFileReference; lastKnownFileType = folder.assetcatalog; path = Assets.xcassets; sourceTree = "<group>"; };
		B26B9B041C62977F00E231D8 /* Base */ = {isa = PBXFileReference; lastKnownFileType = file.storyboard; name = Base; path = Base.lproj/LaunchScreen.storyboard; sourceTree = "<group>"; };
		B26B9B061C62977F00E231D8 /* Info.plist */ = {isa = PBXFileReference; lastKnownFileType = text.plist.xml; path = Info.plist; sourceTree = "<group>"; };
		B26B9B0E1C6298C100E231D8 /* MoviesViewController.swift */ = {isa = PBXFileReference; fileEncoding = 4; lastKnownFileType = sourcecode.swift; name = MoviesViewController.swift; path = ../MoviesViewController.swift; sourceTree = "<group>"; };
		B26B9B141C62CFD500E231D8 /* MovieCell.swift */ = {isa = PBXFileReference; fileEncoding = 4; lastKnownFileType = sourcecode.swift; path = MovieCell.swift; sourceTree = "<group>"; };
		B26B9B161C62DD1600E231D8 /* MovieDetailsViewController.swift */ = {isa = PBXFileReference; fileEncoding = 4; lastKnownFileType = sourcecode.swift; path = MovieDetailsViewController.swift; sourceTree = "<group>"; };
		B2835CEE1C646BDA0057DE45 /* MovieModel.swift */ = {isa = PBXFileReference; fileEncoding = 4; lastKnownFileType = sourcecode.swift; path = MovieModel.swift; sourceTree = "<group>"; };
		EF2345A963DBFCCF9A9A423A /* Pods-MovieViewer.release.xcconfig */ = {isa = PBXFileReference; includeInIndex = 1; lastKnownFileType = text.xcconfig; name = "Pods-MovieViewer.release.xcconfig"; path = "Pods/Target Support Files/Pods-MovieViewer/Pods-MovieViewer.release.xcconfig"; sourceTree = "<group>"; };
		F9B944AAF8C6EDDCCE641DB5 /* Pods_MovieViewer.framework */ = {isa = PBXFileReference; explicitFileType = wrapper.framework; includeInIndex = 0; path = Pods_MovieViewer.framework; sourceTree = BUILT_PRODUCTS_DIR; };
/* End PBXFileReference section */

/* Begin PBXFrameworksBuildPhase section */
		B26B9AF41C62977F00E231D8 /* Frameworks */ = {
			isa = PBXFrameworksBuildPhase;
			buildActionMask = 2147483647;
			files = (
				3AB4AFE772D6900AEEA6344A /* Pods_MovieViewer.framework in Frameworks */,
			);
			runOnlyForDeploymentPostprocessing = 0;
		};
/* End PBXFrameworksBuildPhase section */

/* Begin PBXGroup section */
		6F3117353B93BA1E2A87E262 /* Frameworks */ = {
			isa = PBXGroup;
			children = (
				F9B944AAF8C6EDDCCE641DB5 /* Pods_MovieViewer.framework */,
			);
			name = Frameworks;
			sourceTree = "<group>";
		};
		77E31C111F371C48ADC73E8E /* Pods */ = {
			isa = PBXGroup;
			children = (
				6C00476282BF966A4E819005 /* Pods-MovieViewer.debug.xcconfig */,
				EF2345A963DBFCCF9A9A423A /* Pods-MovieViewer.release.xcconfig */,
			);
			name = Pods;
			sourceTree = "<group>";
		};
		B26B9AEE1C62977F00E231D8 = {
			isa = PBXGroup;
			children = (
				B26B9AF91C62977F00E231D8 /* MovieViewer */,
				B26B9AF81C62977F00E231D8 /* Products */,
				77E31C111F371C48ADC73E8E /* Pods */,
				6F3117353B93BA1E2A87E262 /* Frameworks */,
			);
			sourceTree = "<group>";
		};
		B26B9AF81C62977F00E231D8 /* Products */ = {
			isa = PBXGroup;
			children = (
				B26B9AF71C62977F00E231D8 /* MovieViewer.app */,
			);
			name = Products;
			sourceTree = "<group>";
		};
		B26B9AF91C62977F00E231D8 /* MovieViewer */ = {
			isa = PBXGroup;
			children = (
				B26B9B131C62CF5100E231D8 /* View Controllers */,
				B26B9B101C62CF2400E231D8 /* Views */,
				B26B9AFA1C62977F00E231D8 /* AppDelegate.swift */,
				B26B9AFE1C62977F00E231D8 /* Main.storyboard */,
				B26B9B011C62977F00E231D8 /* Assets.xcassets */,
				B26B9B031C62977F00E231D8 /* LaunchScreen.storyboard */,
				B26B9B061C62977F00E231D8 /* Info.plist */,
				B2835CEE1C646BDA0057DE45 /* MovieModel.swift */,
			);
			path = MovieViewer;
			sourceTree = "<group>";
		};
		B26B9B101C62CF2400E231D8 /* Views */ = {
			isa = PBXGroup;
			children = (
				B26B9B141C62CFD500E231D8 /* MovieCell.swift */,
				B24700681C682F490055CB4F /* MovieCollectionViewCell.swift */,
			);
			name = Views;
			sourceTree = "<group>";
		};
		B26B9B131C62CF5100E231D8 /* View Controllers */ = {
			isa = PBXGroup;
			children = (
				B26B9B0E1C6298C100E231D8 /* MoviesViewController.swift */,
				B26B9B161C62DD1600E231D8 /* MovieDetailsViewController.swift */,
			);
			name = "View Controllers";
			sourceTree = "<group>";
		};
/* End PBXGroup section */

/* Begin PBXNativeTarget section */
		B26B9AF61C62977F00E231D8 /* MovieViewer */ = {
			isa = PBXNativeTarget;
			buildConfigurationList = B26B9B091C62977F00E231D8 /* Build configuration list for PBXNativeTarget "MovieViewer" */;
			buildPhases = (
				B83A86D7728E375EAEDB0157 /* Check Pods Manifest.lock */,
				B26B9AF31C62977F00E231D8 /* Sources */,
				B26B9AF41C62977F00E231D8 /* Frameworks */,
				B26B9AF51C62977F00E231D8 /* Resources */,
				7064B04C45C661613C405EF7 /* Embed Pods Frameworks */,
				56921237FC1CA46C6AD9F59D /* Copy Pods Resources */,
			);
			buildRules = (
			);
			dependencies = (
			);
			name = MovieViewer;
			productName = MovieViewer;
			productReference = B26B9AF71C62977F00E231D8 /* MovieViewer.app */;
			productType = "com.apple.product-type.application";
		};
/* End PBXNativeTarget section */

/* Begin PBXProject section */
		B26B9AEF1C62977F00E231D8 /* Project object */ = {
			isa = PBXProject;
			attributes = {
				LastSwiftUpdateCheck = 0720;
				LastUpgradeCheck = 0720;
				ORGANIZATIONNAME = "Isis Anchalee";
				TargetAttributes = {
					B26B9AF61C62977F00E231D8 = {
						CreatedOnToolsVersion = 7.2;
					};
				};
			};
			buildConfigurationList = B26B9AF21C62977F00E231D8 /* Build configuration list for PBXProject "MovieViewer" */;
			compatibilityVersion = "Xcode 3.2";
			developmentRegion = English;
			hasScannedForEncodings = 0;
			knownRegions = (
				en,
				Base,
			);
			mainGroup = B26B9AEE1C62977F00E231D8;
			productRefGroup = B26B9AF81C62977F00E231D8 /* Products */;
			projectDirPath = "";
			projectRoot = "";
			targets = (
				B26B9AF61C62977F00E231D8 /* MovieViewer */,
			);
		};
/* End PBXProject section */

/* Begin PBXResourcesBuildPhase section */
		B26B9AF51C62977F00E231D8 /* Resources */ = {
			isa = PBXResourcesBuildPhase;
			buildActionMask = 2147483647;
			files = (
				B26B9B051C62977F00E231D8 /* LaunchScreen.storyboard in Resources */,
				B26B9B021C62977F00E231D8 /* Assets.xcassets in Resources */,
				B26B9B001C62977F00E231D8 /* Main.storyboard in Resources */,
			);
			runOnlyForDeploymentPostprocessing = 0;
		};
/* End PBXResourcesBuildPhase section */

/* Begin PBXShellScriptBuildPhase section */
		56921237FC1CA46C6AD9F59D /* Copy Pods Resources */ = {
			isa = PBXShellScriptBuildPhase;
			buildActionMask = 2147483647;
			files = (
			);
			inputPaths = (
			);
			name = "Copy Pods Resources";
			outputPaths = (
			);
			runOnlyForDeploymentPostprocessing = 0;
			shellPath = /bin/sh;
			shellScript = "\"${SRCROOT}/Pods/Target Support Files/Pods-MovieViewer/Pods-MovieViewer-resources.sh\"\n";
			showEnvVarsInLog = 0;
		};
		7064B04C45C661613C405EF7 /* Embed Pods Frameworks */ = {
			isa = PBXShellScriptBuildPhase;
			buildActionMask = 2147483647;
			files = (
			);
			inputPaths = (
			);
			name = "Embed Pods Frameworks";
			outputPaths = (
			);
			runOnlyForDeploymentPostprocessing = 0;
			shellPath = /bin/sh;
			shellScript = "\"${SRCROOT}/Pods/Target Support Files/Pods-MovieViewer/Pods-MovieViewer-frameworks.sh\"\n";
			showEnvVarsInLog = 0;
		};
		B83A86D7728E375EAEDB0157 /* Check Pods Manifest.lock */ = {
			isa = PBXShellScriptBuildPhase;
			buildActionMask = 2147483647;
			files = (
			);
			inputPaths = (
			);
			name = "Check Pods Manifest.lock";
			outputPaths = (
			);
			runOnlyForDeploymentPostprocessing = 0;
			shellPath = /bin/sh;
			shellScript = "diff \"${PODS_ROOT}/../Podfile.lock\" \"${PODS_ROOT}/Manifest.lock\" > /dev/null\nif [[ $? != 0 ]] ; then\n    cat << EOM\nerror: The sandbox is not in sync with the Podfile.lock. Run 'pod install' or update your CocoaPods installation.\nEOM\n    exit 1\nfi\n";
			showEnvVarsInLog = 0;
		};
/* End PBXShellScriptBuildPhase section */

/* Begin PBXSourcesBuildPhase section */
		B26B9AF31C62977F00E231D8 /* Sources */ = {
			isa = PBXSourcesBuildPhase;
			buildActionMask = 2147483647;
			files = (
				B26B9B171C62DD1600E231D8 /* MovieDetailsViewController.swift in Sources */,
				B26B9AFB1C62977F00E231D8 /* AppDelegate.swift in Sources */,
				B2835CEF1C646BDA0057DE45 /* MovieModel.swift in Sources */,
				B24700691C682F490055CB4F /* MovieCollectionViewCell.swift in Sources */,
				B26B9B0F1C6298C100E231D8 /* MoviesViewController.swift in Sources */,
				B26B9B151C62CFD500E231D8 /* MovieCell.swift in Sources */,
			);
			runOnlyForDeploymentPostprocessing = 0;
		};
/* End PBXSourcesBuildPhase section */

/* Begin PBXVariantGroup section */
		B26B9AFE1C62977F00E231D8 /* Main.storyboard */ = {
			isa = PBXVariantGroup;
			children = (
				B26B9AFF1C62977F00E231D8 /* Base */,
			);
			name = Main.storyboard;
			sourceTree = "<group>";
		};
		B26B9B031C62977F00E231D8 /* LaunchScreen.storyboard */ = {
			isa = PBXVariantGroup;
			children = (
				B26B9B041C62977F00E231D8 /* Base */,
			);
			name = LaunchScreen.storyboard;
			sourceTree = "<group>";
		};
/* End PBXVariantGroup section */

/* Begin XCBuildConfiguration section */
		B26B9B071C62977F00E231D8 /* Debug */ = {
			isa = XCBuildConfiguration;
			buildSettings = {
				ALWAYS_SEARCH_USER_PATHS = NO;
				CLANG_CXX_LANGUAGE_STANDARD = "gnu++0x";
				CLANG_CXX_LIBRARY = "libc++";
				CLANG_ENABLE_MODULES = YES;
				CLANG_ENABLE_OBJC_ARC = YES;
				CLANG_WARN_BOOL_CONVERSION = YES;
				CLANG_WARN_CONSTANT_CONVERSION = YES;
				CLANG_WARN_DIRECT_OBJC_ISA_USAGE = YES_ERROR;
				CLANG_WARN_EMPTY_BODY = YES;
				CLANG_WARN_ENUM_CONVERSION = YES;
				CLANG_WARN_INT_CONVERSION = YES;
				CLANG_WARN_OBJC_ROOT_CLASS = YES_ERROR;
				CLANG_WARN_UNREACHABLE_CODE = YES;
				CLANG_WARN__DUPLICATE_METHOD_MATCH = YES;
				"CODE_SIGN_IDENTITY[sdk=iphoneos*]" = "iPhone Developer";
				COPY_PHASE_STRIP = NO;
				DEBUG_INFORMATION_FORMAT = dwarf;
				ENABLE_STRICT_OBJC_MSGSEND = YES;
				ENABLE_TESTABILITY = YES;
				GCC_C_LANGUAGE_STANDARD = gnu99;
				GCC_DYNAMIC_NO_PIC = NO;
				GCC_NO_COMMON_BLOCKS = YES;
				GCC_OPTIMIZATION_LEVEL = 0;
				GCC_PREPROCESSOR_DEFINITIONS = (
					"DEBUG=1",
					"$(inherited)",
				);
				GCC_WARN_64_TO_32_BIT_CONVERSION = YES;
				GCC_WARN_ABOUT_RETURN_TYPE = YES_ERROR;
				GCC_WARN_UNDECLARED_SELECTOR = YES;
				GCC_WARN_UNINITIALIZED_AUTOS = YES_AGGRESSIVE;
				GCC_WARN_UNUSED_FUNCTION = YES;
				GCC_WARN_UNUSED_VARIABLE = YES;
				IPHONEOS_DEPLOYMENT_TARGET = 9.2;
				MTL_ENABLE_DEBUG_INFO = YES;
				ONLY_ACTIVE_ARCH = YES;
				SDKROOT = iphoneos;
				SWIFT_OPTIMIZATION_LEVEL = "-Onone";
				TARGETED_DEVICE_FAMILY = "1,2";
			};
			name = Debug;
		};
		B26B9B081C62977F00E231D8 /* Release */ = {
			isa = XCBuildConfiguration;
			buildSettings = {
				ALWAYS_SEARCH_USER_PATHS = NO;
				CLANG_CXX_LANGUAGE_STANDARD = "gnu++0x";
				CLANG_CXX_LIBRARY = "libc++";
				CLANG_ENABLE_MODULES = YES;
				CLANG_ENABLE_OBJC_ARC = YES;
				CLANG_WARN_BOOL_CONVERSION = YES;
				CLANG_WARN_CONSTANT_CONVERSION = YES;
				CLANG_WARN_DIRECT_OBJC_ISA_USAGE = YES_ERROR;
				CLANG_WARN_EMPTY_BODY = YES;
				CLANG_WARN_ENUM_CONVERSION = YES;
				CLANG_WARN_INT_CONVERSION = YES;
				CLANG_WARN_OBJC_ROOT_CLASS = YES_ERROR;
				CLANG_WARN_UNREACHABLE_CODE = YES;
				CLANG_WARN__DUPLICATE_METHOD_MATCH = YES;
				"CODE_SIGN_IDENTITY[sdk=iphoneos*]" = "iPhone Developer";
				COPY_PHASE_STRIP = NO;
				DEBUG_INFORMATION_FORMAT = "dwarf-with-dsym";
				ENABLE_NS_ASSERTIONS = NO;
				ENABLE_STRICT_OBJC_MSGSEND = YES;
				GCC_C_LANGUAGE_STANDARD = gnu99;
				GCC_NO_COMMON_BLOCKS = YES;
				GCC_WARN_64_TO_32_BIT_CONVERSION = YES;
				GCC_WARN_ABOUT_RETURN_TYPE = YES_ERROR;
				GCC_WARN_UNDECLARED_SELECTOR = YES;
				GCC_WARN_UNINITIALIZED_AUTOS = YES_AGGRESSIVE;
				GCC_WARN_UNUSED_FUNCTION = YES;
				GCC_WARN_UNUSED_VARIABLE = YES;
				IPHONEOS_DEPLOYMENT_TARGET = 9.2;
				MTL_ENABLE_DEBUG_INFO = NO;
				SDKROOT = iphoneos;
				TARGETED_DEVICE_FAMILY = "1,2";
				VALIDATE_PRODUCT = YES;
			};
			name = Release;
		};
		B26B9B0A1C62977F00E231D8 /* Debug */ = {
			isa = XCBuildConfiguration;
			baseConfigurationReference = 6C00476282BF966A4E819005 /* Pods-MovieViewer.debug.xcconfig */;
			buildSettings = {
				INFOPLIST_FILE = MovieViewer/Info.plist;
				LD_RUNPATH_SEARCH_PATHS = "$(inherited) @executable_path/Frameworks";
				PRODUCT_BUNDLE_IDENTIFIER = isisanchalee.MovieViewer;
				PRODUCT_NAME = "$(TARGET_NAME)";
			};
			name = Debug;
		};
		B26B9B0B1C62977F00E231D8 /* Release */ = {
			isa = XCBuildConfiguration;
			baseConfigurationReference = EF2345A963DBFCCF9A9A423A /* Pods-MovieViewer.release.xcconfig */;
			buildSettings = {
				INFOPLIST_FILE = MovieViewer/Info.plist;
				LD_RUNPATH_SEARCH_PATHS = "$(inherited) @executable_path/Frameworks";
				PRODUCT_BUNDLE_IDENTIFIER = isisanchalee.MovieViewer;
				PRODUCT_NAME = "$(TARGET_NAME)";
			};
			name = Release;
		};
/* End XCBuildConfiguration section */

/* Begin XCConfigurationList section */
		B26B9AF21C62977F00E231D8 /* Build configuration list for PBXProject "MovieViewer" */ = {
			isa = XCConfigurationList;
			buildConfigurations = (
				B26B9B071C62977F00E231D8 /* Debug */,
				B26B9B081C62977F00E231D8 /* Release */,
			);
			defaultConfigurationIsVisible = 0;
			defaultConfigurationName = Release;
		};
		B26B9B091C62977F00E231D8 /* Build configuration list for PBXNativeTarget "MovieViewer" */ = {
			isa = XCConfigurationList;
			buildConfigurations = (
				B26B9B0A1C62977F00E231D8 /* Debug */,
				B26B9B0B1C62977F00E231D8 /* Release */,
			);
			defaultConfigurationIsVisible = 0;
			defaultConfigurationName = Release;
		};
/* End XCConfigurationList section */
	};
	rootObject = B26B9AEF1C62977F00E231D8 /* Project object */;
}
